
Microsoft Visual Studio Solution File, Format Version 12.00
# Visual Studio Version 17
VisualStudioVersion = 17.4.33110.190
MinimumVisualStudioVersion = 10.0.40219.1
Project("{FAE04EC0-301F-11D3-BF4B-00C04F79EFBC}") = "Blog.Web.Mvc", "Blog.Web.Mvc\Blog.Web.Mvc.csproj", "{5FDFEEA2-3508-4E62-BDAC-41B7E0DA6CAD}"
EndProject
Global
	GlobalSection(SolutionConfigurationPlatforms) = preSolution
		Debug|Any CPU = Debug|Any CPU
		Release|Any CPU = Release|Any CPU
	EndGlobalSection
	GlobalSection(ProjectConfigurationPlatforms) = postSolution
		{5FDFEEA2-3508-4E62-BDAC-41B7E0DA6CAD}.Debug|Any CPU.ActiveCfg = Debug|Any CPU
		{5FDFEEA2-3508-4E62-BDAC-41B7E0DA6CAD}.Debug|Any CPU.Build.0 = Debug|Any CPU
		{5FDFEEA2-3508-4E62-BDAC-41B7E0DA6CAD}.Release|Any CPU.ActiveCfg = Release|Any CPU
		{5FDFEEA2-3508-4E62-BDAC-41B7E0DA6CAD}.Release|Any CPU.Build.0 = Release|Any CPU
	EndGlobalSection
	GlobalSection(SolutionProperties) = preSolution
		HideSolutionNode = FALSE
	EndGlobalSection
	GlobalSection(ExtensibilityGlobals) = postSolution
		SolutionGuid = {AC98BF80-B070-4F3E-8C88-4FCED20A6E63}
	EndGlobalSection
EndGlobal
